
Microsoft Visual Studio Solution File, Format Version 12.00
# Visual Studio Version 17
VisualStudioVersion = 17.14.36301.6
MinimumVisualStudioVersion = 10.0.40219.1
Project("{FAE04EC0-301F-11D3-BF4B-00C04F79EFBC}") = "PersonAPI_Second", "PersonAPI_Second\PersonAPI_Second.csproj", "{78131AC6-D411-4AEF-BEFC-EF4953C06A41}"
EndProject
Project("{FAE04EC0-301F-11D3-BF4B-00C04F79EFBC}") = "Tests", "Tests\Tests.csproj", "{AEE458C2-0C4C-4DEB-84AF-8F06299FE6C9}"
EndProject
Global
	GlobalSection(SolutionConfigurationPlatforms) = preSolution
		Debug|Any CPU = Debug|Any CPU
		Release|Any CPU = Release|Any CPU
	EndGlobalSection
	GlobalSection(ProjectConfigurationPlatforms) = postSolution
		{78131AC6-D411-4AEF-BEFC-EF4953C06A41}.Debug|Any CPU.ActiveCfg = Debug|Any CPU
		{78131AC6-D411-4AEF-BEFC-EF4953C06A41}.Debug|Any CPU.Build.0 = Debug|Any CPU
		{78131AC6-D411-4AEF-BEFC-EF4953C06A41}.Release|Any CPU.ActiveCfg = Release|Any CPU
		{78131AC6-D411-4AEF-BEFC-EF4953C06A41}.Release|Any CPU.Build.0 = Release|Any CPU
		{AEE458C2-0C4C-4DEB-84AF-8F06299FE6C9}.Debug|Any CPU.ActiveCfg = Debug|Any CPU
		{AEE458C2-0C4C-4DEB-84AF-8F06299FE6C9}.Debug|Any CPU.Build.0 = Debug|Any CPU
		{AEE458C2-0C4C-4DEB-84AF-8F06299FE6C9}.Release|Any CPU.ActiveCfg = Release|Any CPU
		{AEE458C2-0C4C-4DEB-84AF-8F06299FE6C9}.Release|Any CPU.Build.0 = Release|Any CPU
	EndGlobalSection
	GlobalSection(SolutionProperties) = preSolution
		HideSolutionNode = FALSE
	EndGlobalSection
	GlobalSection(ExtensibilityGlobals) = postSolution
		SolutionGuid = {BE36FB17-C467-4611-8BA9-DBFACA594692}
	EndGlobalSection
EndGlobal
